// !$*UTF8*$!
{
	archiveVersion = 1;
	classes = {
	};
	objectVersion = 46;
	objects = {

/* Begin PBXBuildFile section */
		1F0716251BC4003D00EB40B6 /* FetchedResultsDataProvider.swift in Sources */ = {isa = PBXBuildFile; fileRef = 1F0716241BC4003D00EB40B6 /* FetchedResultsDataProvider.swift */; settings = {ASSET_TAGS = (); }; };
		1F0716271BC402F200EB40B6 /* DataProvider.swift in Sources */ = {isa = PBXBuildFile; fileRef = 1F0716261BC402F200EB40B6 /* DataProvider.swift */; settings = {ASSET_TAGS = (); }; };
		1F07162A1BC40CD400EB40B6 /* TableViewDataSource.swift in Sources */ = {isa = PBXBuildFile; fileRef = 1F0716291BC40CD400EB40B6 /* TableViewDataSource.swift */; settings = {ASSET_TAGS = (); }; };
		1F07162C1BC40DB500EB40B6 /* DataSource.swift in Sources */ = {isa = PBXBuildFile; fileRef = 1F07162B1BC40DB500EB40B6 /* DataSource.swift */; settings = {ASSET_TAGS = (); }; };
		1F07162F1BC40E7400EB40B6 /* ConfigurableCell.swift in Sources */ = {isa = PBXBuildFile; fileRef = 1F07162E1BC40E7400EB40B6 /* ConfigurableCell.swift */; settings = {ASSET_TAGS = (); }; };
		1F0716321BC4182800EB40B6 /* TrelloTableViewCell.swift in Sources */ = {isa = PBXBuildFile; fileRef = 1F0716311BC4182800EB40B6 /* TrelloTableViewCell.swift */; settings = {ASSET_TAGS = (); }; };
		1F10C9741BB9D79A004C960A /* PomodoroViewController.swift in Sources */ = {isa = PBXBuildFile; fileRef = 1F10C9731BB9D79A004C960A /* PomodoroViewController.swift */; settings = {ASSET_TAGS = (); }; };
		1F10C9761BB9DB70004C960A /* CardsTableViewCell.swift in Sources */ = {isa = PBXBuildFile; fileRef = 1F10C9751BB9DB70004C960A /* CardsTableViewCell.swift */; settings = {ASSET_TAGS = (); }; };
		1F58CDE81BC513BF00A7E0D1 /* NSManagedObjectContextExtensions.swift in Sources */ = {isa = PBXBuildFile; fileRef = 1F58CDE71BC513BF00A7E0D1 /* NSManagedObjectContextExtensions.swift */; settings = {ASSET_TAGS = (); }; };
		1F58CDEA1BC5279C00A7E0D1 /* SegueHandlerType.swift in Sources */ = {isa = PBXBuildFile; fileRef = 1F58CDE91BC5279C00A7E0D1 /* SegueHandlerType.swift */; settings = {ASSET_TAGS = (); }; };
		1F5D222C1BC2756A00FDD41D /* BoardStack.swift in Sources */ = {isa = PBXBuildFile; fileRef = 1F5D222B1BC2756A00FDD41D /* BoardStack.swift */; settings = {ASSET_TAGS = (); }; };
		1F5D222F1BC275FF00FDD41D /* Boards.xcdatamodeld in Sources */ = {isa = PBXBuildFile; fileRef = 1F5D222D1BC275FF00FDD41D /* Boards.xcdatamodeld */; settings = {ASSET_TAGS = (); }; };
		1F5D22311BC2884700FDD41D /* ManagedObject.swift in Sources */ = {isa = PBXBuildFile; fileRef = 1F5D22301BC2884700FDD41D /* ManagedObject.swift */; settings = {ASSET_TAGS = (); }; };
		1F87D2081BADBBAC00B9948B /* AppDelegate.swift in Sources */ = {isa = PBXBuildFile; fileRef = 1F87D2071BADBBAC00B9948B /* AppDelegate.swift */; };
		1F87D20D1BADBBAC00B9948B /* Main.storyboard in Resources */ = {isa = PBXBuildFile; fileRef = 1F87D20B1BADBBAC00B9948B /* Main.storyboard */; };
		1F87D20F1BADBBAC00B9948B /* Assets.xcassets in Resources */ = {isa = PBXBuildFile; fileRef = 1F87D20E1BADBBAC00B9948B /* Assets.xcassets */; };
		1F87D2121BADBBAC00B9948B /* LaunchScreen.storyboard in Resources */ = {isa = PBXBuildFile; fileRef = 1F87D2101BADBBAC00B9948B /* LaunchScreen.storyboard */; };
		1F87D21D1BADBBAC00B9948B /* PomiTrelloTests.swift in Sources */ = {isa = PBXBuildFile; fileRef = 1F87D21C1BADBBAC00B9948B /* PomiTrelloTests.swift */; };
		1F87D2281BADBBAC00B9948B /* PomiTrelloUITests.swift in Sources */ = {isa = PBXBuildFile; fileRef = 1F87D2271BADBBAC00B9948B /* PomiTrelloUITests.swift */; };
		1F87D2371BADBC8200B9948B /* TrelloTableViewController.swift in Sources */ = {isa = PBXBuildFile; fileRef = 1F87D2361BADBC8200B9948B /* TrelloTableViewController.swift */; settings = {ASSET_TAGS = (); }; };
		1F87D23B1BAE9E8F00B9948B /* LoginViewController.swift in Sources */ = {isa = PBXBuildFile; fileRef = 1F87D23A1BAE9E8F00B9948B /* LoginViewController.swift */; settings = {ASSET_TAGS = (); }; };
		1F87D23D1BAECECD00B9948B /* Constants.swift in Sources */ = {isa = PBXBuildFile; fileRef = 1F87D23C1BAECECD00B9948B /* Constants.swift */; settings = {ASSET_TAGS = (); }; };
		1F87D2441BAF013100B9948B /* Board.swift in Sources */ = {isa = PBXBuildFile; fileRef = 1F87D2431BAF013100B9948B /* Board.swift */; settings = {ASSET_TAGS = (); }; };
		1F87D2481BAF082C00B9948B /* AppKeys.plist in Resources */ = {isa = PBXBuildFile; fileRef = 1F87D2471BAF082C00B9948B /* AppKeys.plist */; settings = {ASSET_TAGS = (); }; };
		1FDED8141BB33E7F00CD1036 /* ListsTableViewController.swift in Sources */ = {isa = PBXBuildFile; fileRef = 1FDED8131BB33E7F00CD1036 /* ListsTableViewController.swift */; settings = {ASSET_TAGS = (); }; };
		1FED68D51BBB293A007E3A99 /* WelcomeViewController.swift in Sources */ = {isa = PBXBuildFile; fileRef = 1FED68D41BBB293A007E3A99 /* WelcomeViewController.swift */; settings = {ASSET_TAGS = (); }; };
		1FEDBCA51BB68485008C50B5 /* CardsTableViewController.swift in Sources */ = {isa = PBXBuildFile; fileRef = 1FEDBCA41BB68485008C50B5 /* CardsTableViewController.swift */; settings = {ASSET_TAGS = (); }; };
		1FEDBCA71BB694AA008C50B5 /* List.swift in Sources */ = {isa = PBXBuildFile; fileRef = 1FEDBCA61BB694AA008C50B5 /* List.swift */; settings = {ASSET_TAGS = (); }; };
		1FEDBCA91BB694BB008C50B5 /* Card.swift in Sources */ = {isa = PBXBuildFile; fileRef = 1FEDBCA81BB694BA008C50B5 /* Card.swift */; settings = {ASSET_TAGS = (); }; };
/* End PBXBuildFile section */

/* Begin PBXContainerItemProxy section */
		1F87D2191BADBBAC00B9948B /* PBXContainerItemProxy */ = {
			isa = PBXContainerItemProxy;
			containerPortal = 1F87D1FC1BADBBAC00B9948B /* Project object */;
			proxyType = 1;
			remoteGlobalIDString = 1F87D2031BADBBAC00B9948B;
			remoteInfo = PomiTrello;
		};
		1F87D2241BADBBAC00B9948B /* PBXContainerItemProxy */ = {
			isa = PBXContainerItemProxy;
			containerPortal = 1F87D1FC1BADBBAC00B9948B /* Project object */;
			proxyType = 1;
			remoteGlobalIDString = 1F87D2031BADBBAC00B9948B;
			remoteInfo = PomiTrello;
		};
/* End PBXContainerItemProxy section */

/* Begin PBXFileReference section */
		1F0716241BC4003D00EB40B6 /* FetchedResultsDataProvider.swift */ = {isa = PBXFileReference; fileEncoding = 4; lastKnownFileType = sourcecode.swift; path = FetchedResultsDataProvider.swift; sourceTree = "<group>"; };
		1F0716261BC402F200EB40B6 /* DataProvider.swift */ = {isa = PBXFileReference; fileEncoding = 4; lastKnownFileType = sourcecode.swift; path = DataProvider.swift; sourceTree = "<group>"; };
		1F0716291BC40CD400EB40B6 /* TableViewDataSource.swift */ = {isa = PBXFileReference; fileEncoding = 4; lastKnownFileType = sourcecode.swift; path = TableViewDataSource.swift; sourceTree = "<group>"; };
		1F07162B1BC40DB500EB40B6 /* DataSource.swift */ = {isa = PBXFileReference; fileEncoding = 4; lastKnownFileType = sourcecode.swift; path = DataSource.swift; sourceTree = "<group>"; };
		1F07162E1BC40E7400EB40B6 /* ConfigurableCell.swift */ = {isa = PBXFileReference; fileEncoding = 4; lastKnownFileType = sourcecode.swift; path = ConfigurableCell.swift; sourceTree = "<group>"; };
		1F0716311BC4182800EB40B6 /* TrelloTableViewCell.swift */ = {isa = PBXFileReference; fileEncoding = 4; lastKnownFileType = sourcecode.swift; path = TrelloTableViewCell.swift; sourceTree = "<group>"; };
		1F10C9731BB9D79A004C960A /* PomodoroViewController.swift */ = {isa = PBXFileReference; fileEncoding = 4; lastKnownFileType = sourcecode.swift; path = PomodoroViewController.swift; sourceTree = "<group>"; };
		1F10C9751BB9DB70004C960A /* CardsTableViewCell.swift */ = {isa = PBXFileReference; fileEncoding = 4; lastKnownFileType = sourcecode.swift; path = CardsTableViewCell.swift; sourceTree = "<group>"; };
		1F58CDE71BC513BF00A7E0D1 /* NSManagedObjectContextExtensions.swift */ = {isa = PBXFileReference; fileEncoding = 4; lastKnownFileType = sourcecode.swift; path = NSManagedObjectContextExtensions.swift; sourceTree = "<group>"; };
		1F58CDE91BC5279C00A7E0D1 /* SegueHandlerType.swift */ = {isa = PBXFileReference; fileEncoding = 4; lastKnownFileType = sourcecode.swift; path = SegueHandlerType.swift; sourceTree = "<group>"; };
		1F5D222B1BC2756A00FDD41D /* BoardStack.swift */ = {isa = PBXFileReference; fileEncoding = 4; lastKnownFileType = sourcecode.swift; path = BoardStack.swift; sourceTree = "<group>"; };
		1F5D222E1BC275FF00FDD41D /* Boards.xcdatamodel */ = {isa = PBXFileReference; lastKnownFileType = wrapper.xcdatamodel; path = Boards.xcdatamodel; sourceTree = "<group>"; };
		1F5D22301BC2884700FDD41D /* ManagedObject.swift */ = {isa = PBXFileReference; fileEncoding = 4; lastKnownFileType = sourcecode.swift; path = ManagedObject.swift; sourceTree = "<group>"; };
		1F87D2041BADBBAC00B9948B /* PomiTrello.app */ = {isa = PBXFileReference; explicitFileType = wrapper.application; includeInIndex = 0; path = PomiTrello.app; sourceTree = BUILT_PRODUCTS_DIR; };
		1F87D2071BADBBAC00B9948B /* AppDelegate.swift */ = {isa = PBXFileReference; lastKnownFileType = sourcecode.swift; path = AppDelegate.swift; sourceTree = "<group>"; };
		1F87D20C1BADBBAC00B9948B /* Base */ = {isa = PBXFileReference; lastKnownFileType = file.storyboard; name = Base; path = Base.lproj/Main.storyboard; sourceTree = "<group>"; };
		1F87D20E1BADBBAC00B9948B /* Assets.xcassets */ = {isa = PBXFileReference; lastKnownFileType = folder.assetcatalog; path = Assets.xcassets; sourceTree = "<group>"; };
		1F87D2111BADBBAC00B9948B /* Base */ = {isa = PBXFileReference; lastKnownFileType = file.storyboard; name = Base; path = Base.lproj/LaunchScreen.storyboard; sourceTree = "<group>"; };
		1F87D2131BADBBAC00B9948B /* Info.plist */ = {isa = PBXFileReference; lastKnownFileType = text.plist.xml; path = Info.plist; sourceTree = "<group>"; };
		1F87D2181BADBBAC00B9948B /* PomiTrelloTests.xctest */ = {isa = PBXFileReference; explicitFileType = wrapper.cfbundle; includeInIndex = 0; path = PomiTrelloTests.xctest; sourceTree = BUILT_PRODUCTS_DIR; };
		1F87D21C1BADBBAC00B9948B /* PomiTrelloTests.swift */ = {isa = PBXFileReference; lastKnownFileType = sourcecode.swift; path = PomiTrelloTests.swift; sourceTree = "<group>"; };
		1F87D21E1BADBBAC00B9948B /* Info.plist */ = {isa = PBXFileReference; lastKnownFileType = text.plist.xml; path = Info.plist; sourceTree = "<group>"; };
		1F87D2231BADBBAC00B9948B /* PomiTrelloUITests.xctest */ = {isa = PBXFileReference; explicitFileType = wrapper.cfbundle; includeInIndex = 0; path = PomiTrelloUITests.xctest; sourceTree = BUILT_PRODUCTS_DIR; };
		1F87D2271BADBBAC00B9948B /* PomiTrelloUITests.swift */ = {isa = PBXFileReference; lastKnownFileType = sourcecode.swift; path = PomiTrelloUITests.swift; sourceTree = "<group>"; };
		1F87D2291BADBBAC00B9948B /* Info.plist */ = {isa = PBXFileReference; lastKnownFileType = text.plist.xml; path = Info.plist; sourceTree = "<group>"; };
		1F87D2361BADBC8200B9948B /* TrelloTableViewController.swift */ = {isa = PBXFileReference; fileEncoding = 4; lastKnownFileType = sourcecode.swift; path = TrelloTableViewController.swift; sourceTree = "<group>"; };
		1F87D23A1BAE9E8F00B9948B /* LoginViewController.swift */ = {isa = PBXFileReference; fileEncoding = 4; lastKnownFileType = sourcecode.swift; path = LoginViewController.swift; sourceTree = "<group>"; };
		1F87D23C1BAECECD00B9948B /* Constants.swift */ = {isa = PBXFileReference; fileEncoding = 4; lastKnownFileType = sourcecode.swift; path = Constants.swift; sourceTree = "<group>"; };
		1F87D2431BAF013100B9948B /* Board.swift */ = {isa = PBXFileReference; fileEncoding = 4; lastKnownFileType = sourcecode.swift; path = Board.swift; sourceTree = "<group>"; };
		1F87D2471BAF082C00B9948B /* AppKeys.plist */ = {isa = PBXFileReference; fileEncoding = 4; lastKnownFileType = text.plist.xml; path = AppKeys.plist; sourceTree = "<group>"; };
		1FDED8131BB33E7F00CD1036 /* ListsTableViewController.swift */ = {isa = PBXFileReference; fileEncoding = 4; lastKnownFileType = sourcecode.swift; path = ListsTableViewController.swift; sourceTree = "<group>"; };
		1FED68D41BBB293A007E3A99 /* WelcomeViewController.swift */ = {isa = PBXFileReference; fileEncoding = 4; lastKnownFileType = sourcecode.swift; path = WelcomeViewController.swift; sourceTree = "<group>"; };
		1FEDBCA41BB68485008C50B5 /* CardsTableViewController.swift */ = {isa = PBXFileReference; fileEncoding = 4; lastKnownFileType = sourcecode.swift; path = CardsTableViewController.swift; sourceTree = "<group>"; };
		1FEDBCA61BB694AA008C50B5 /* List.swift */ = {isa = PBXFileReference; fileEncoding = 4; lastKnownFileType = sourcecode.swift; path = List.swift; sourceTree = "<group>"; };
		1FEDBCA81BB694BA008C50B5 /* Card.swift */ = {isa = PBXFileReference; fileEncoding = 4; lastKnownFileType = sourcecode.swift; path = Card.swift; sourceTree = "<group>"; };
/* End PBXFileReference section */

/* Begin PBXFrameworksBuildPhase section */
		1F87D2011BADBBAC00B9948B /* Frameworks */ = {
			isa = PBXFrameworksBuildPhase;
			buildActionMask = 2147483647;
			files = (
			);
			runOnlyForDeploymentPostprocessing = 0;
		};
		1F87D2151BADBBAC00B9948B /* Frameworks */ = {
			isa = PBXFrameworksBuildPhase;
			buildActionMask = 2147483647;
			files = (
			);
			runOnlyForDeploymentPostprocessing = 0;
		};
		1F87D2201BADBBAC00B9948B /* Frameworks */ = {
			isa = PBXFrameworksBuildPhase;
			buildActionMask = 2147483647;
			files = (
			);
			runOnlyForDeploymentPostprocessing = 0;
		};
/* End PBXFrameworksBuildPhase section */

/* Begin PBXGroup section */
		1F0716281BC402FA00EB40B6 /* Data Source/Providers */ = {
			isa = PBXGroup;
			children = (
				1F0716261BC402F200EB40B6 /* DataProvider.swift */,
				1F0716241BC4003D00EB40B6 /* FetchedResultsDataProvider.swift */,
				1F07162B1BC40DB500EB40B6 /* DataSource.swift */,
				1F0716291BC40CD400EB40B6 /* TableViewDataSource.swift */,
			);
			name = "Data Source/Providers";
			sourceTree = "<group>";
		};
		1F07162D1BC40E5300EB40B6 /* Protocols */ = {
			isa = PBXGroup;
			children = (
				1F07162E1BC40E7400EB40B6 /* ConfigurableCell.swift */,
				1F58CDE91BC5279C00A7E0D1 /* SegueHandlerType.swift */,
			);
			name = Protocols;
			sourceTree = "<group>";
		};
		1F0716301BC4180000EB40B6 /* Views */ = {
			isa = PBXGroup;
			children = (
				1F0716311BC4182800EB40B6 /* TrelloTableViewCell.swift */,
				1F10C9751BB9DB70004C960A /* CardsTableViewCell.swift */,
			);
			name = Views;
			sourceTree = "<group>";
		};
		1F5D22321BC2886600FDD41D /* CoreData */ = {
			isa = PBXGroup;
			children = (
				1F5D222D1BC275FF00FDD41D /* Boards.xcdatamodeld */,
				1F5D222B1BC2756A00FDD41D /* BoardStack.swift */,
				1F5D22301BC2884700FDD41D /* ManagedObject.swift */,
				1F58CDE71BC513BF00A7E0D1 /* NSManagedObjectContextExtensions.swift */,
			);
			name = CoreData;
			sourceTree = "<group>";
		};
		1F87D1FB1BADBBAC00B9948B = {
			isa = PBXGroup;
			children = (
				1F87D2061BADBBAC00B9948B /* PomiTrello */,
				1F87D21B1BADBBAC00B9948B /* PomiTrelloTests */,
				1F87D2261BADBBAC00B9948B /* PomiTrelloUITests */,
				1F87D2051BADBBAC00B9948B /* Products */,
			);
			sourceTree = "<group>";
		};
		1F87D2051BADBBAC00B9948B /* Products */ = {
			isa = PBXGroup;
			children = (
				1F87D2041BADBBAC00B9948B /* PomiTrello.app */,
				1F87D2181BADBBAC00B9948B /* PomiTrelloTests.xctest */,
				1F87D2231BADBBAC00B9948B /* PomiTrelloUITests.xctest */,
			);
			name = Products;
			sourceTree = "<group>";
		};
		1F87D2061BADBBAC00B9948B /* PomiTrello */ = {
			isa = PBXGroup;
			children = (
				1F87D20B1BADBBAC00B9948B /* Main.storyboard */,
				1F87D23C1BAECECD00B9948B /* Constants.swift */,
				1F87D2071BADBBAC00B9948B /* AppDelegate.swift */,
				1FED68D41BBB293A007E3A99 /* WelcomeViewController.swift */,
				1F87D23A1BAE9E8F00B9948B /* LoginViewController.swift */,
				1F87D2361BADBC8200B9948B /* TrelloTableViewController.swift */,
				1FDED8131BB33E7F00CD1036 /* ListsTableViewController.swift */,
				1FEDBCA41BB68485008C50B5 /* CardsTableViewController.swift */,
				1F10C9731BB9D79A004C960A /* PomodoroViewController.swift */,
				1F0716301BC4180000EB40B6 /* Views */,
				1F07162D1BC40E5300EB40B6 /* Protocols */,
				1F0716281BC402FA00EB40B6 /* Data Source/Providers */,
				1F87D23E1BAED30500B9948B /* Model */,
				1F87D2351BADBBCB00B9948B /* Supporting files */,
			);
			path = PomiTrello;
			sourceTree = "<group>";
		};
		1F87D21B1BADBBAC00B9948B /* PomiTrelloTests */ = {
			isa = PBXGroup;
			children = (
				1F87D21C1BADBBAC00B9948B /* PomiTrelloTests.swift */,
				1F87D21E1BADBBAC00B9948B /* Info.plist */,
			);
			path = PomiTrelloTests;
			sourceTree = "<group>";
		};
		1F87D2261BADBBAC00B9948B /* PomiTrelloUITests */ = {
			isa = PBXGroup;
			children = (
				1F87D2271BADBBAC00B9948B /* PomiTrelloUITests.swift */,
				1F87D2291BADBBAC00B9948B /* Info.plist */,
			);
			path = PomiTrelloUITests;
			sourceTree = "<group>";
		};
		1F87D2351BADBBCB00B9948B /* Supporting files */ = {
			isa = PBXGroup;
			children = (
				1F87D2471BAF082C00B9948B /* AppKeys.plist */,
				1F87D2131BADBBAC00B9948B /* Info.plist */,
				1F87D20E1BADBBAC00B9948B /* Assets.xcassets */,
				1F87D2101BADBBAC00B9948B /* LaunchScreen.storyboard */,
			);
			name = "Supporting files";
			sourceTree = "<group>";
		};
		1F87D23E1BAED30500B9948B /* Model */ = {
			isa = PBXGroup;
			children = (
				1F5D22321BC2886600FDD41D /* CoreData */,
				1F87D2431BAF013100B9948B /* Board.swift */,
				1FEDBCA61BB694AA008C50B5 /* List.swift */,
				1FEDBCA81BB694BA008C50B5 /* Card.swift */,
			);
			name = Model;
			sourceTree = "<group>";
		};
/* End PBXGroup section */

/* Begin PBXNativeTarget section */
		1F87D2031BADBBAC00B9948B /* PomiTrello */ = {
			isa = PBXNativeTarget;
			buildConfigurationList = 1F87D22C1BADBBAC00B9948B /* Build configuration list for PBXNativeTarget "PomiTrello" */;
			buildPhases = (
				1F87D2001BADBBAC00B9948B /* Sources */,
				1F87D2011BADBBAC00B9948B /* Frameworks */,
				1F87D2021BADBBAC00B9948B /* Resources */,
			);
			buildRules = (
			);
			dependencies = (
			);
			name = PomiTrello;
			productName = PomiTrello;
			productReference = 1F87D2041BADBBAC00B9948B /* PomiTrello.app */;
			productType = "com.apple.product-type.application";
		};
		1F87D2171BADBBAC00B9948B /* PomiTrelloTests */ = {
			isa = PBXNativeTarget;
			buildConfigurationList = 1F87D22F1BADBBAC00B9948B /* Build configuration list for PBXNativeTarget "PomiTrelloTests" */;
			buildPhases = (
				1F87D2141BADBBAC00B9948B /* Sources */,
				1F87D2151BADBBAC00B9948B /* Frameworks */,
				1F87D2161BADBBAC00B9948B /* Resources */,
			);
			buildRules = (
			);
			dependencies = (
				1F87D21A1BADBBAC00B9948B /* PBXTargetDependency */,
			);
			name = PomiTrelloTests;
			productName = PomiTrelloTests;
			productReference = 1F87D2181BADBBAC00B9948B /* PomiTrelloTests.xctest */;
			productType = "com.apple.product-type.bundle.unit-test";
		};
		1F87D2221BADBBAC00B9948B /* PomiTrelloUITests */ = {
			isa = PBXNativeTarget;
			buildConfigurationList = 1F87D2321BADBBAC00B9948B /* Build configuration list for PBXNativeTarget "PomiTrelloUITests" */;
			buildPhases = (
				1F87D21F1BADBBAC00B9948B /* Sources */,
				1F87D2201BADBBAC00B9948B /* Frameworks */,
				1F87D2211BADBBAC00B9948B /* Resources */,
			);
			buildRules = (
			);
			dependencies = (
				1F87D2251BADBBAC00B9948B /* PBXTargetDependency */,
			);
			name = PomiTrelloUITests;
			productName = PomiTrelloUITests;
			productReference = 1F87D2231BADBBAC00B9948B /* PomiTrelloUITests.xctest */;
			productType = "com.apple.product-type.bundle.ui-testing";
		};
/* End PBXNativeTarget section */

/* Begin PBXProject section */
		1F87D1FC1BADBBAC00B9948B /* Project object */ = {
			isa = PBXProject;
			attributes = {
				LastUpgradeCheck = 0700;
				ORGANIZATIONNAME = Alexander;
				TargetAttributes = {
					1F87D2031BADBBAC00B9948B = {
						CreatedOnToolsVersion = 7.0;
						DevelopmentTeam = LB83DKTVND;
					};
					1F87D2171BADBBAC00B9948B = {
						CreatedOnToolsVersion = 7.0;
						TestTargetID = 1F87D2031BADBBAC00B9948B;
					};
					1F87D2221BADBBAC00B9948B = {
						CreatedOnToolsVersion = 7.0;
						TestTargetID = 1F87D2031BADBBAC00B9948B;
					};
				};
			};
			buildConfigurationList = 1F87D1FF1BADBBAC00B9948B /* Build configuration list for PBXProject "PomiTrello" */;
			compatibilityVersion = "Xcode 3.2";
			developmentRegion = English;
			hasScannedForEncodings = 0;
			knownRegions = (
				en,
				Base,
			);
			mainGroup = 1F87D1FB1BADBBAC00B9948B;
			productRefGroup = 1F87D2051BADBBAC00B9948B /* Products */;
			projectDirPath = "";
			projectRoot = "";
			targets = (
				1F87D2031BADBBAC00B9948B /* PomiTrello */,
				1F87D2171BADBBAC00B9948B /* PomiTrelloTests */,
				1F87D2221BADBBAC00B9948B /* PomiTrelloUITests */,
			);
		};
/* End PBXProject section */

/* Begin PBXResourcesBuildPhase section */
		1F87D2021BADBBAC00B9948B /* Resources */ = {
			isa = PBXResourcesBuildPhase;
			buildActionMask = 2147483647;
			files = (
				1F87D2481BAF082C00B9948B /* AppKeys.plist in Resources */,
				1F87D2121BADBBAC00B9948B /* LaunchScreen.storyboard in Resources */,
				1F87D20F1BADBBAC00B9948B /* Assets.xcassets in Resources */,
				1F87D20D1BADBBAC00B9948B /* Main.storyboard in Resources */,
			);
			runOnlyForDeploymentPostprocessing = 0;
		};
		1F87D2161BADBBAC00B9948B /* Resources */ = {
			isa = PBXResourcesBuildPhase;
			buildActionMask = 2147483647;
			files = (
			);
			runOnlyForDeploymentPostprocessing = 0;
		};
		1F87D2211BADBBAC00B9948B /* Resources */ = {
			isa = PBXResourcesBuildPhase;
			buildActionMask = 2147483647;
			files = (
			);
			runOnlyForDeploymentPostprocessing = 0;
		};
/* End PBXResourcesBuildPhase section */

/* Begin PBXSourcesBuildPhase section */
		1F87D2001BADBBAC00B9948B /* Sources */ = {
			isa = PBXSourcesBuildPhase;
			buildActionMask = 2147483647;
			files = (
				1F07162A1BC40CD400EB40B6 /* TableViewDataSource.swift in Sources */,
				1F87D23B1BAE9E8F00B9948B /* LoginViewController.swift in Sources */,
				1FEDBCA91BB694BB008C50B5 /* Card.swift in Sources */,
				1F0716321BC4182800EB40B6 /* TrelloTableViewCell.swift in Sources */,
				1F58CDEA1BC5279C00A7E0D1 /* SegueHandlerType.swift in Sources */,
				1F5D22311BC2884700FDD41D /* ManagedObject.swift in Sources */,
				1FEDBCA71BB694AA008C50B5 /* List.swift in Sources */,
				1F87D2081BADBBAC00B9948B /* AppDelegate.swift in Sources */,
				1F07162C1BC40DB500EB40B6 /* DataSource.swift in Sources */,
				1F10C9761BB9DB70004C960A /* CardsTableViewCell.swift in Sources */,
				1F87D2441BAF013100B9948B /* Board.swift in Sources */,
				1F5D222F1BC275FF00FDD41D /* Boards.xcdatamodeld in Sources */,
				1F07162F1BC40E7400EB40B6 /* ConfigurableCell.swift in Sources */,
				1F87D2371BADBC8200B9948B /* TrelloTableViewController.swift in Sources */,
				1F58CDE81BC513BF00A7E0D1 /* NSManagedObjectContextExtensions.swift in Sources */,
				1FEDBCA51BB68485008C50B5 /* CardsTableViewController.swift in Sources */,
				1F0716251BC4003D00EB40B6 /* FetchedResultsDataProvider.swift in Sources */,
				1F10C9741BB9D79A004C960A /* PomodoroViewController.swift in Sources */,
				1FED68D51BBB293A007E3A99 /* WelcomeViewController.swift in Sources */,
				1F0716271BC402F200EB40B6 /* DataProvider.swift in Sources */,
				1F87D23D1BAECECD00B9948B /* Constants.swift in Sources */,
				1F5D222C1BC2756A00FDD41D /* BoardStack.swift in Sources */,
				1FDED8141BB33E7F00CD1036 /* ListsTableViewController.swift in Sources */,
			);
			runOnlyForDeploymentPostprocessing = 0;
		};
		1F87D2141BADBBAC00B9948B /* Sources */ = {
			isa = PBXSourcesBuildPhase;
			buildActionMask = 2147483647;
			files = (
				1F87D21D1BADBBAC00B9948B /* PomiTrelloTests.swift in Sources */,
			);
			runOnlyForDeploymentPostprocessing = 0;
		};
		1F87D21F1BADBBAC00B9948B /* Sources */ = {
			isa = PBXSourcesBuildPhase;
			buildActionMask = 2147483647;
			files = (
				1F87D2281BADBBAC00B9948B /* PomiTrelloUITests.swift in Sources */,
			);
			runOnlyForDeploymentPostprocessing = 0;
		};
/* End PBXSourcesBuildPhase section */

/* Begin PBXTargetDependency section */
		1F87D21A1BADBBAC00B9948B /* PBXTargetDependency */ = {
			isa = PBXTargetDependency;
			target = 1F87D2031BADBBAC00B9948B /* PomiTrello */;
			targetProxy = 1F87D2191BADBBAC00B9948B /* PBXContainerItemProxy */;
		};
		1F87D2251BADBBAC00B9948B /* PBXTargetDependency */ = {
			isa = PBXTargetDependency;
			target = 1F87D2031BADBBAC00B9948B /* PomiTrello */;
			targetProxy = 1F87D2241BADBBAC00B9948B /* PBXContainerItemProxy */;
		};
/* End PBXTargetDependency section */

/* Begin PBXVariantGroup section */
		1F87D20B1BADBBAC00B9948B /* Main.storyboard */ = {
			isa = PBXVariantGroup;
			children = (
				1F87D20C1BADBBAC00B9948B /* Base */,
			);
			name = Main.storyboard;
			sourceTree = "<group>";
		};
		1F87D2101BADBBAC00B9948B /* LaunchScreen.storyboard */ = {
			isa = PBXVariantGroup;
			children = (
				1F87D2111BADBBAC00B9948B /* Base */,
			);
			name = LaunchScreen.storyboard;
			sourceTree = "<group>";
		};
/* End PBXVariantGroup section */

/* Begin XCBuildConfiguration section */
		1F87D22A1BADBBAC00B9948B /* Debug */ = {
			isa = XCBuildConfiguration;
			buildSettings = {
				ALWAYS_SEARCH_USER_PATHS = NO;
				CLANG_CXX_LANGUAGE_STANDARD = "gnu++0x";
				CLANG_CXX_LIBRARY = "libc++";
				CLANG_ENABLE_MODULES = YES;
				CLANG_ENABLE_OBJC_ARC = YES;
				CLANG_WARN_BOOL_CONVERSION = YES;
				CLANG_WARN_CONSTANT_CONVERSION = YES;
				CLANG_WARN_DIRECT_OBJC_ISA_USAGE = YES_ERROR;
				CLANG_WARN_EMPTY_BODY = YES;
				CLANG_WARN_ENUM_CONVERSION = YES;
				CLANG_WARN_INT_CONVERSION = YES;
				CLANG_WARN_OBJC_ROOT_CLASS = YES_ERROR;
				CLANG_WARN_UNREACHABLE_CODE = YES;
				CLANG_WARN__DUPLICATE_METHOD_MATCH = YES;
				"CODE_SIGN_IDENTITY[sdk=iphoneos*]" = "iPhone Developer";
				COPY_PHASE_STRIP = NO;
				DEBUG_INFORMATION_FORMAT = dwarf;
				ENABLE_STRICT_OBJC_MSGSEND = YES;
				ENABLE_TESTABILITY = YES;
				GCC_C_LANGUAGE_STANDARD = gnu99;
				GCC_DYNAMIC_NO_PIC = NO;
				GCC_NO_COMMON_BLOCKS = YES;
				GCC_OPTIMIZATION_LEVEL = 0;
				GCC_PREPROCESSOR_DEFINITIONS = (
					"DEBUG=1",
					"$(inherited)",
				);
				GCC_WARN_64_TO_32_BIT_CONVERSION = YES;
				GCC_WARN_ABOUT_RETURN_TYPE = YES_ERROR;
				GCC_WARN_UNDECLARED_SELECTOR = YES;
				GCC_WARN_UNINITIALIZED_AUTOS = YES_AGGRESSIVE;
				GCC_WARN_UNUSED_FUNCTION = YES;
				GCC_WARN_UNUSED_VARIABLE = YES;
				IPHONEOS_DEPLOYMENT_TARGET = 9.0;
				MTL_ENABLE_DEBUG_INFO = YES;
				ONLY_ACTIVE_ARCH = YES;
				SDKROOT = iphoneos;
				SWIFT_OPTIMIZATION_LEVEL = "-Onone";
				TARGETED_DEVICE_FAMILY = "1,2";
			};
			name = Debug;
		};
		1F87D22B1BADBBAC00B9948B /* Release */ = {
			isa = XCBuildConfiguration;
			buildSettings = {
				ALWAYS_SEARCH_USER_PATHS = NO;
				CLANG_CXX_LANGUAGE_STANDARD = "gnu++0x";
				CLANG_CXX_LIBRARY = "libc++";
				CLANG_ENABLE_MODULES = YES;
				CLANG_ENABLE_OBJC_ARC = YES;
				CLANG_WARN_BOOL_CONVERSION = YES;
				CLANG_WARN_CONSTANT_CONVERSION = YES;
				CLANG_WARN_DIRECT_OBJC_ISA_USAGE = YES_ERROR;
				CLANG_WARN_EMPTY_BODY = YES;
				CLANG_WARN_ENUM_CONVERSION = YES;
				CLANG_WARN_INT_CONVERSION = YES;
				CLANG_WARN_OBJC_ROOT_CLASS = YES_ERROR;
				CLANG_WARN_UNREACHABLE_CODE = YES;
				CLANG_WARN__DUPLICATE_METHOD_MATCH = YES;
				"CODE_SIGN_IDENTITY[sdk=iphoneos*]" = "iPhone Developer";
				COPY_PHASE_STRIP = NO;
				DEBUG_INFORMATION_FORMAT = "dwarf-with-dsym";
				ENABLE_NS_ASSERTIONS = NO;
				ENABLE_STRICT_OBJC_MSGSEND = YES;
				GCC_C_LANGUAGE_STANDARD = gnu99;
				GCC_NO_COMMON_BLOCKS = YES;
				GCC_WARN_64_TO_32_BIT_CONVERSION = YES;
				GCC_WARN_ABOUT_RETURN_TYPE = YES_ERROR;
				GCC_WARN_UNDECLARED_SELECTOR = YES;
				GCC_WARN_UNINITIALIZED_AUTOS = YES_AGGRESSIVE;
				GCC_WARN_UNUSED_FUNCTION = YES;
				GCC_WARN_UNUSED_VARIABLE = YES;
				IPHONEOS_DEPLOYMENT_TARGET = 9.0;
				MTL_ENABLE_DEBUG_INFO = NO;
				SDKROOT = iphoneos;
				TARGETED_DEVICE_FAMILY = "1,2";
				VALIDATE_PRODUCT = YES;
			};
			name = Release;
		};
		1F87D22D1BADBBAC00B9948B /* Debug */ = {
			isa = XCBuildConfiguration;
			buildSettings = {
				ASSETCATALOG_COMPILER_APPICON_NAME = AppIcon;
				CODE_SIGN_IDENTITY = "iPhone Developer";
				"CODE_SIGN_IDENTITY[sdk=iphoneos*]" = "iPhone Developer";
				INFOPLIST_FILE = PomiTrello/Info.plist;
				LD_RUNPATH_SEARCH_PATHS = "$(inherited) @executable_path/Frameworks";
				PRODUCT_BUNDLE_IDENTIFIER = Rag0n.PomiTrello;
				PRODUCT_NAME = "$(TARGET_NAME)";
				PROVISIONING_PROFILE = "";
			};
			name = Debug;
		};
		1F87D22E1BADBBAC00B9948B /* Release */ = {
			isa = XCBuildConfiguration;
			buildSettings = {
				ASSETCATALOG_COMPILER_APPICON_NAME = AppIcon;
				CODE_SIGN_IDENTITY = "iPhone Developer";
				"CODE_SIGN_IDENTITY[sdk=iphoneos*]" = "iPhone Developer";
				INFOPLIST_FILE = PomiTrello/Info.plist;
				LD_RUNPATH_SEARCH_PATHS = "$(inherited) @executable_path/Frameworks";
				PRODUCT_BUNDLE_IDENTIFIER = Rag0n.PomiTrello;
				PRODUCT_NAME = "$(TARGET_NAME)";
				PROVISIONING_PROFILE = "";
			};
			name = Release;
		};
		1F87D2301BADBBAC00B9948B /* Debug */ = {
			isa = XCBuildConfiguration;
			buildSettings = {
				BUNDLE_LOADER = "$(TEST_HOST)";
				INFOPLIST_FILE = PomiTrelloTests/Info.plist;
				LD_RUNPATH_SEARCH_PATHS = "$(inherited) @executable_path/Frameworks @loader_path/Frameworks";
				PRODUCT_BUNDLE_IDENTIFIER = Rag0n.PomiTrelloTests;
				PRODUCT_NAME = "$(TARGET_NAME)";
				TEST_HOST = "$(BUILT_PRODUCTS_DIR)/PomiTrello.app/PomiTrello";
			};
			name = Debug;
		};
		1F87D2311BADBBAC00B9948B /* Release */ = {
			isa = XCBuildConfiguration;
			buildSettings = {
				BUNDLE_LOADER = "$(TEST_HOST)";
				INFOPLIST_FILE = PomiTrelloTests/Info.plist;
				LD_RUNPATH_SEARCH_PATHS = "$(inherited) @executable_path/Frameworks @loader_path/Frameworks";
				PRODUCT_BUNDLE_IDENTIFIER = Rag0n.PomiTrelloTests;
				PRODUCT_NAME = "$(TARGET_NAME)";
				TEST_HOST = "$(BUILT_PRODUCTS_DIR)/PomiTrello.app/PomiTrello";
			};
			name = Release;
		};
		1F87D2331BADBBAC00B9948B /* Debug */ = {
			isa = XCBuildConfiguration;
			buildSettings = {
				INFOPLIST_FILE = PomiTrelloUITests/Info.plist;
				LD_RUNPATH_SEARCH_PATHS = "$(inherited) @executable_path/Frameworks @loader_path/Frameworks";
				PRODUCT_BUNDLE_IDENTIFIER = Rag0n.PomiTrelloUITests;
				PRODUCT_NAME = "$(TARGET_NAME)";
				TEST_TARGET_NAME = PomiTrello;
				USES_XCTRUNNER = YES;
			};
			name = Debug;
		};
		1F87D2341BADBBAC00B9948B /* Release */ = {
			isa = XCBuildConfiguration;
			buildSettings = {
				INFOPLIST_FILE = PomiTrelloUITests/Info.plist;
				LD_RUNPATH_SEARCH_PATHS = "$(inherited) @executable_path/Frameworks @loader_path/Frameworks";
				PRODUCT_BUNDLE_IDENTIFIER = Rag0n.PomiTrelloUITests;
				PRODUCT_NAME = "$(TARGET_NAME)";
				TEST_TARGET_NAME = PomiTrello;
				USES_XCTRUNNER = YES;
			};
			name = Release;
		};
/* End XCBuildConfiguration section */

/* Begin XCConfigurationList section */
		1F87D1FF1BADBBAC00B9948B /* Build configuration list for PBXProject "PomiTrello" */ = {
			isa = XCConfigurationList;
			buildConfigurations = (
				1F87D22A1BADBBAC00B9948B /* Debug */,
				1F87D22B1BADBBAC00B9948B /* Release */,
			);
			defaultConfigurationIsVisible = 0;
			defaultConfigurationName = Release;
		};
		1F87D22C1BADBBAC00B9948B /* Build configuration list for PBXNativeTarget "PomiTrello" */ = {
			isa = XCConfigurationList;
			buildConfigurations = (
				1F87D22D1BADBBAC00B9948B /* Debug */,
				1F87D22E1BADBBAC00B9948B /* Release */,
			);
			defaultConfigurationIsVisible = 0;
			defaultConfigurationName = Release;
		};
		1F87D22F1BADBBAC00B9948B /* Build configuration list for PBXNativeTarget "PomiTrelloTests" */ = {
			isa = XCConfigurationList;
			buildConfigurations = (
				1F87D2301BADBBAC00B9948B /* Debug */,
				1F87D2311BADBBAC00B9948B /* Release */,
			);
			defaultConfigurationIsVisible = 0;
			defaultConfigurationName = Release;
		};
		1F87D2321BADBBAC00B9948B /* Build configuration list for PBXNativeTarget "PomiTrelloUITests" */ = {
			isa = XCConfigurationList;
			buildConfigurations = (
				1F87D2331BADBBAC00B9948B /* Debug */,
				1F87D2341BADBBAC00B9948B /* Release */,
			);
			defaultConfigurationIsVisible = 0;
			defaultConfigurationName = Release;
		};
/* End XCConfigurationList section */

/* Begin XCVersionGroup section */
		1F5D222D1BC275FF00FDD41D /* Boards.xcdatamodeld */ = {
			isa = XCVersionGroup;
			children = (
				1F5D222E1BC275FF00FDD41D /* Boards.xcdatamodel */,
			);
			currentVersion = 1F5D222E1BC275FF00FDD41D /* Boards.xcdatamodel */;
			path = Boards.xcdatamodeld;
			sourceTree = "<group>";
			versionGroupType = wrapper.xcdatamodel;
		};
/* End XCVersionGroup section */
	};
	rootObject = 1F87D1FC1BADBBAC00B9948B /* Project object */;
}
